{
  "requires": true,
  "lockfileVersion": 1,
  "dependencies": {
    "@dabh/diagnostics": {
      "version": "2.0.2",
      "resolved": "https://registry.npm.taobao.org/@dabh/diagnostics/download/@dabh/diagnostics-2.0.2.tgz",
      "integrity": "sha1-KQ0I97OBuPlGB9yPRxoSxnX52zE=",
      "requires": {
        "colorspace": "1.1.x",
        "enabled": "2.0.x",
        "kuler": "^2.0.0"
      }
    },
    "@zeit/schemas": {
      "version": "2.6.0",
      "resolved": "https://registry.npm.taobao.org/@zeit/schemas/download/@zeit/schemas-2.6.0.tgz?cache=0&sync_timestamp=1608046083358&other_urls=https%3A%2F%2Fregistry.npm.taobao.org%2F%40zeit%2Fschemas%2Fdownload%2F%40zeit%2Fschemas-2.6.0.tgz",
      "integrity": "sha1-AE6OVTtM1T1Ti9OOrHvL9YqGf+M="
    },
    "accepts": {
      "version": "1.3.7",
      "resolved": "https://registry.npm.taobao.org/accepts/download/accepts-1.3.7.tgz",
      "integrity": "sha1-UxvHJlF6OytB+FACHGzBXqq1B80=",
      "requires": {
        "mime-types": "~2.1.24",
        "negotiator": "0.6.2"
      }
    },
    "ajv": {
      "version": "6.5.3",
      "resolved": "https://registry.npm.taobao.org/ajv/download/ajv-6.5.3.tgz?cache=0&sync_timestamp=1617383144645&other_urls=https%3A%2F%2Fregistry.npm.taobao.org%2Fajv%2Fdownload%2Fajv-6.5.3.tgz",
      "integrity": "sha1-caVp0Yns9PTzISJP7LFm8HHdkPk=",
      "requires": {
        "fast-deep-equal": "^2.0.1",
        "fast-json-stable-stringify": "^2.0.0",
        "json-schema-traverse": "^0.4.1",
        "uri-js": "^4.2.2"
      }
    },
    "ansi-align": {
      "version": "2.0.0",
      "resolved": "https://registry.npm.taobao.org/ansi-align/download/ansi-align-2.0.0.tgz",
      "integrity": "sha1-w2rsy6VjuJzrVW82kPCx2eNUf38=",
      "requires": {
        "string-width": "^2.0.0"
      }
    },
    "ansi-regex": {
      "version": "3.0.0",
      "resolved": "https://registry.npm.taobao.org/ansi-regex/download/ansi-regex-3.0.0.tgz",
      "integrity": "sha1-7QMXwyIGT3lGbAKWa922Bas32Zg="
    },
    "ansi-styles": {
      "version": "3.2.1",
      "resolved": "https://registry.npm.taobao.org/ansi-styles/download/ansi-styles-3.2.1.tgz",
      "integrity": "sha1-QfuyAkPlCxK+DwS43tvwdSDOhB0=",
      "requires": {
        "color-convert": "^1.9.0"
      }
    },
    "arch": {
      "version": "2.2.0",
      "resolved": "https://registry.npm.taobao.org/arch/download/arch-2.2.0.tgz",
      "integrity": "sha1-G8R4GPMFdk8jqzMGsL/AhsWinRE="
    },
    "arg": {
      "version": "2.0.0",
      "resolved": "https://registry.npm.taobao.org/arg/download/arg-2.0.0.tgz?cache=0&sync_timestamp=1605574972657&other_urls=https%3A%2F%2Fregistry.npm.taobao.org%2Farg%2Fdownload%2Farg-2.0.0.tgz",
      "integrity": "sha1-wG5/9pqwWzpKA+vgQH+sTLpldUU="
    },
    "async": {
      "version": "3.2.0",
      "resolved": "https://registry.npm.taobao.org/async/download/async-3.2.0.tgz",
      "integrity": "sha1-s6JoXF67ZB094C0WEALGD8n4VyA="
    },
    "axios": {
      "version": "0.21.1",
      "resolved": "https://registry.npmjs.org/axios/-/axios-0.21.1.tgz",
      "integrity": "sha512-dKQiRHxGD9PPRIUNIWvZhPTPpl1rf/OxTYKsqKUDjBwYylTvV7SjSHJb9ratfyzM6wCdLCOYLzs73qpg5c4iGA==",
      "requires": {
        "follow-redirects": "^1.10.0"
      }
    },
    "balanced-match": {
      "version": "1.0.0",
      "resolved": "https://registry.npm.taobao.org/balanced-match/download/balanced-match-1.0.0.tgz",
      "integrity": "sha1-ibTRmasr7kneFk6gK4nORi1xt2c="
    },
    "boxen": {
      "version": "1.3.0",
      "resolved": "https://registry.npm.taobao.org/boxen/download/boxen-1.3.0.tgz?cache=0&sync_timestamp=1609222813539&other_urls=https%3A%2F%2Fregistry.npm.taobao.org%2Fboxen%2Fdownload%2Fboxen-1.3.0.tgz",
      "integrity": "sha1-VcbDmouljZxhrSLNh3Uy3rZlogs=",
      "requires": {
        "ansi-align": "^2.0.0",
        "camelcase": "^4.0.0",
        "chalk": "^2.0.1",
        "cli-boxes": "^1.0.0",
        "string-width": "^2.0.0",
        "term-size": "^1.2.0",
        "widest-line": "^2.0.0"
      }
    },
    "brace-expansion": {
      "version": "1.1.11",
      "resolved": "https://registry.npm.taobao.org/brace-expansion/download/brace-expansion-1.1.11.tgz?cache=0&sync_timestamp=1614010709807&other_urls=https%3A%2F%2Fregistry.npm.taobao.org%2Fbrace-expansion%2Fdownload%2Fbrace-expansion-1.1.11.tgz",
      "integrity": "sha1-PH/L9SnYcibz0vUrlm/1Jx60Qd0=",
      "requires": {
        "balanced-match": "^1.0.0",
        "concat-map": "0.0.1"
      }
    },
    "build": {
      "version": "0.1.4",
      "resolved": "https://registry.npm.taobao.org/build/download/build-0.1.4.tgz",
      "integrity": "sha1-cH/gJv/O3crL/c3zVur9pk8VEEY=",
      "requires": {
        "cssmin": "0.3.x",
        "jsmin": "1.x",
        "jxLoader": "*",
        "moo-server": "*",
        "promised-io": "*",
        "timespan": "2.x",
        "uglify-js": "1.x",
        "walker": "1.x",
        "winston": "*",
        "wrench": "1.3.x"
      }
    },
    "bytes": {
      "version": "3.0.0",
      "resolved": "https://registry.npm.taobao.org/bytes/download/bytes-3.0.0.tgz",
      "integrity": "sha1-0ygVQE1olpn4Wk6k+odV3ROpYEg="
    },
    "camelcase": {
      "version": "4.1.0",
      "resolved": "https://registry.npm.taobao.org/camelcase/download/camelcase-4.1.0.tgz?cache=0&sync_timestamp=1603923709404&other_urls=https%3A%2F%2Fregistry.npm.taobao.org%2Fcamelcase%2Fdownload%2Fcamelcase-4.1.0.tgz",
      "integrity": "sha1-1UVjW+HjPFQmScaRc+Xeas+uNN0="
    },
    "chalk": {
      "version": "2.4.1",
      "resolved": "https://registry.npm.taobao.org/chalk/download/chalk-2.4.1.tgz",
      "integrity": "sha1-GMSasWoDe26wFSzIPjRxM4IVtm4=",
      "requires": {
        "ansi-styles": "^3.2.1",
        "escape-string-regexp": "^1.0.5",
        "supports-color": "^5.3.0"
      }
    },
    "cli-boxes": {
      "version": "1.0.0",
      "resolved": "https://registry.npm.taobao.org/cli-boxes/download/cli-boxes-1.0.0.tgz?cache=0&sync_timestamp=1610824817904&other_urls=https%3A%2F%2Fregistry.npm.taobao.org%2Fcli-boxes%2Fdownload%2Fcli-boxes-1.0.0.tgz",
      "integrity": "sha1-T6kXw+WclKAEzWH47lCdplFocUM="
    },
    "clipboardy": {
      "version": "1.2.3",
      "resolved": "https://registry.npm.taobao.org/clipboardy/download/clipboardy-1.2.3.tgz?cache=0&other_urls=https%3A%2F%2Fregistry.npm.taobao.org%2Fclipboardy%2Fdownload%2Fclipboardy-1.2.3.tgz",
      "integrity": "sha1-BSY2G/eHJMHyC+JI1CjjZUM8B+8=",
      "requires": {
        "arch": "^2.1.0",
        "execa": "^0.8.0"
      },
      "dependencies": {
        "execa": {
          "version": "0.8.0",
          "resolved": "https://registry.npm.taobao.org/execa/download/execa-0.8.0.tgz?cache=0&sync_timestamp=1606972869049&other_urls=https%3A%2F%2Fregistry.npm.taobao.org%2Fexeca%2Fdownload%2Fexeca-0.8.0.tgz",
          "integrity": "sha1-2NdrvBtVIX7RkP1t1J08d07PyNo=",
          "requires": {
            "cross-spawn": "^5.0.1",
            "get-stream": "^3.0.0",
            "is-stream": "^1.1.0",
            "npm-run-path": "^2.0.0",
            "p-finally": "^1.0.0",
            "signal-exit": "^3.0.0",
            "strip-eof": "^1.0.0"
          }
        },
        "is-stream": {
          "version": "1.1.0",
          "resolved": "https://registry.npm.taobao.org/is-stream/download/is-stream-1.1.0.tgz",
          "integrity": "sha1-EtSj3U5o4Lec6428hBc66A2RykQ="
        }
      }
    },
    "color": {
      "version": "3.0.0",
      "resolved": "https://registry.npm.taobao.org/color/download/color-3.0.0.tgz",
      "integrity": "sha1-2SC0Mo1TSjrIKV1o971LpsQnvpo=",
      "requires": {
        "color-convert": "^1.9.1",
        "color-string": "^1.5.2"
      }
    },
    "color-convert": {
      "version": "1.9.3",
      "resolved": "https://registry.npm.taobao.org/color-convert/download/color-convert-1.9.3.tgz",
      "integrity": "sha1-u3GFBpDh8TZWfeYp0tVHHe2kweg=",
      "requires": {
        "color-name": "1.1.3"
      }
    },
    "color-name": {
      "version": "1.1.3",
      "resolved": "https://registry.npm.taobao.org/color-name/download/color-name-1.1.3.tgz",
      "integrity": "sha1-p9BVi9icQveV3UIyj3QIMcpTvCU="
    },
    "color-string": {
      "version": "1.5.5",
      "resolved": "https://registry.npm.taobao.org/color-string/download/color-string-1.5.5.tgz?cache=0&sync_timestamp=1614967287897&other_urls=https%3A%2F%2Fregistry.npm.taobao.org%2Fcolor-string%2Fdownload%2Fcolor-string-1.5.5.tgz",
      "integrity": "sha1-ZUdKjw50OWJfPSemoZ2J/EUiMBQ=",
      "requires": {
        "color-name": "^1.0.0",
        "simple-swizzle": "^0.2.2"
      }
    },
    "colors": {
      "version": "1.4.0",
      "resolved": "https://registry.npm.taobao.org/colors/download/colors-1.4.0.tgz?cache=0&sync_timestamp=1599054118809&other_urls=https%3A%2F%2Fregistry.npm.taobao.org%2Fcolors%2Fdownload%2Fcolors-1.4.0.tgz",
      "integrity": "sha1-xQSRR51MG9rtLJztMs98fcI2D3g="
    },
    "colorspace": {
      "version": "1.1.2",
      "resolved": "https://registry.npm.taobao.org/colorspace/download/colorspace-1.1.2.tgz",
      "integrity": "sha1-4BKJUNCCuGohaFgHlqCqXWxo2MU=",
      "requires": {
        "color": "3.0.x",
        "text-hex": "1.0.x"
      }
    },
    "compressible": {
      "version": "2.0.18",
      "resolved": "https://registry.npm.taobao.org/compressible/download/compressible-2.0.18.tgz",
      "integrity": "sha1-r1PMprBw1MPAdQ+9dyhqbXzEb7o=",
      "requires": {
        "mime-db": ">= 1.43.0 < 2"
      }
    },
    "compression": {
      "version": "1.7.3",
      "resolved": "https://registry.npm.taobao.org/compression/download/compression-1.7.3.tgz",
      "integrity": "sha1-J+DhdqryYPfywoE8PkQK258Zk9s=",
      "requires": {
        "accepts": "~1.3.5",
        "bytes": "3.0.0",
        "compressible": "~2.0.14",
        "debug": "2.6.9",
        "on-headers": "~1.0.1",
        "safe-buffer": "5.1.2",
        "vary": "~1.1.2"
      },
      "dependencies": {
        "safe-buffer": {
          "version": "5.1.2",
          "resolved": "https://registry.npm.taobao.org/safe-buffer/download/safe-buffer-5.1.2.tgz?cache=0&sync_timestamp=1599054209520&other_urls=https%3A%2F%2Fregistry.npm.taobao.org%2Fsafe-buffer%2Fdownload%2Fsafe-buffer-5.1.2.tgz",
          "integrity": "sha1-mR7GnSluAxN0fVm9/St0XDX4go0="
        }
      }
    },
    "concat-map": {
      "version": "0.0.1",
      "resolved": "https://registry.npm.taobao.org/concat-map/download/concat-map-0.0.1.tgz",
      "integrity": "sha1-2Klr13/Wjfd5OnMDajug1UBdR3s="
    },
    "content-disposition": {
      "version": "0.5.2",
      "resolved": "https://registry.npm.taobao.org/content-disposition/download/content-disposition-0.5.2.tgz",
      "integrity": "sha1-DPaLud318r55YcOoUXjLhdunjLQ="
    },
    "core-util-is": {
      "version": "1.0.2",
      "resolved": "https://registry.npm.taobao.org/core-util-is/download/core-util-is-1.0.2.tgz",
      "integrity": "sha1-tf1UIgqivFq1eqtxQMlAdUUDwac="
    },
    "cross-spawn": {
      "version": "5.1.0",
      "resolved": "https://registry.npm.taobao.org/cross-spawn/download/cross-spawn-5.1.0.tgz",
      "integrity": "sha1-6L0O/uWPz/b4+UUQoKVUu/ojVEk=",
      "requires": {
        "lru-cache": "^4.0.1",
        "shebang-command": "^1.2.0",
        "which": "^1.2.9"
      }
    },
    "cssmin": {
      "version": "0.3.2",
      "resolved": "https://registry.npm.taobao.org/cssmin/download/cssmin-0.3.2.tgz",
      "integrity": "sha1-3c5MVHtRCuDVlKjx+/iq+OLFwA0="
    },
    "debug": {
      "version": "2.6.9",
      "resolved": "https://registry.npm.taobao.org/debug/download/debug-2.6.9.tgz?cache=0&sync_timestamp=1607566533140&other_urls=https%3A%2F%2Fregistry.npm.taobao.org%2Fdebug%2Fdownload%2Fdebug-2.6.9.tgz",
      "integrity": "sha1-XRKFFd8TT/Mn6QpMk/Tgd6U2NB8=",
      "requires": {
        "ms": "2.0.0"
      },
      "dependencies": {
        "ms": {
          "version": "2.0.0",
          "resolved": "https://registry.npm.taobao.org/ms/download/ms-2.0.0.tgz?cache=0&sync_timestamp=1607433842694&other_urls=https%3A%2F%2Fregistry.npm.taobao.org%2Fms%2Fdownload%2Fms-2.0.0.tgz",
          "integrity": "sha1-VgiurfwAvmwpAd9fmGF4jeDVl8g="
        }
      }
    },
    "deep-extend": {
      "version": "0.6.0",
      "resolved": "https://registry.npm.taobao.org/deep-extend/download/deep-extend-0.6.0.tgz",
      "integrity": "sha1-xPp8lUBKF6nD6Mp+FTcxK3NjMKw="
    },
    "enabled": {
      "version": "2.0.0",
      "resolved": "https://registry.npm.taobao.org/enabled/download/enabled-2.0.0.tgz",
      "integrity": "sha1-+d2S7C1vS7wNXR5k4h1hzUZl58I="
    },
    "escape-string-regexp": {
      "version": "1.0.5",
      "resolved": "https://registry.npm.taobao.org/escape-string-regexp/download/escape-string-regexp-1.0.5.tgz?cache=0&other_urls=https%3A%2F%2Fregistry.npm.taobao.org%2Fescape-string-regexp%2Fdownload%2Fescape-string-regexp-1.0.5.tgz",
      "integrity": "sha1-G2HAViGQqN/2rjuyzwIAyhMLhtQ="
    },
    "execa": {
      "version": "0.7.0",
      "resolved": "https://registry.npm.taobao.org/execa/download/execa-0.7.0.tgz?cache=0&sync_timestamp=1606972869049&other_urls=https%3A%2F%2Fregistry.npm.taobao.org%2Fexeca%2Fdownload%2Fexeca-0.7.0.tgz",
      "integrity": "sha1-lEvs00zEHuMqY6n68nrVpl/Fl3c=",
      "requires": {
        "cross-spawn": "^5.0.1",
        "get-stream": "^3.0.0",
        "is-stream": "^1.1.0",
        "npm-run-path": "^2.0.0",
        "p-finally": "^1.0.0",
        "signal-exit": "^3.0.0",
        "strip-eof": "^1.0.0"
      },
      "dependencies": {
        "is-stream": {
          "version": "1.1.0",
          "resolved": "https://registry.npm.taobao.org/is-stream/download/is-stream-1.1.0.tgz",
          "integrity": "sha1-EtSj3U5o4Lec6428hBc66A2RykQ="
        }
      }
    },
    "fast-deep-equal": {
      "version": "2.0.1",
      "resolved": "https://registry.npm.taobao.org/fast-deep-equal/download/fast-deep-equal-2.0.1.tgz",
      "integrity": "sha1-ewUhjd+WZ79/Nwv3/bLLFf3Qqkk="
    },
    "fast-json-stable-stringify": {
      "version": "2.1.0",
      "resolved": "https://registry.npm.taobao.org/fast-json-stable-stringify/download/fast-json-stable-stringify-2.1.0.tgz",
      "integrity": "sha1-h0v2nG9ATCtdmcSBNBOZ/VWJJjM="
    },
    "fast-safe-stringify": {
      "version": "2.0.7",
      "resolved": "https://registry.npm.taobao.org/fast-safe-stringify/download/fast-safe-stringify-2.0.7.tgz",
      "integrity": "sha1-EkqohYmSYfaK7bQqfAgN6dpgh0M="
    },
    "fast-url-parser": {
      "version": "1.1.3",
      "resolved": "https://registry.npm.taobao.org/fast-url-parser/download/fast-url-parser-1.1.3.tgz",
      "integrity": "sha1-9K8+qfNNiicc9YrSs3WfQx8LMY0=",
      "requires": {
        "punycode": "^1.3.2"
      },
      "dependencies": {
        "punycode": {
          "version": "1.4.1",
          "resolved": "https://registry.npm.taobao.org/punycode/download/punycode-1.4.1.tgz",
          "integrity": "sha1-wNWmOycYgArY4esPpSachN1BhF4="
        }
      }
    },
    "fecha": {
      "version": "4.2.0",
      "resolved": "https://registry.npm.taobao.org/fecha/download/fecha-4.2.0.tgz",
      "integrity": "sha1-P/tjlUU+Pz7/+FBATwpZtnR/X0E="
    },
    "fn.name": {
      "version": "1.1.0",
      "resolved": "https://registry.npm.taobao.org/fn.name/download/fn.name-1.1.0.tgz",
      "integrity": "sha1-JsrYAXlnrqhzG8QpYdBKPVmIrMw="
    },
    "follow-redirects": {
      "version": "1.13.3",
      "resolved": "https://registry.npmjs.org/follow-redirects/-/follow-redirects-1.13.3.tgz",
      "integrity": "sha512-DUgl6+HDzB0iEptNQEXLx/KhTmDb8tZUHSeLqpnjpknR70H0nC2t9N73BK6fN4hOvJ84pKlIQVQ4k5FFlBedKA=="
    },
    "get-stream": {
      "version": "3.0.0",
      "resolved": "https://registry.npm.taobao.org/get-stream/download/get-stream-3.0.0.tgz?cache=0&sync_timestamp=1597056502934&other_urls=https%3A%2F%2Fregistry.npm.taobao.org%2Fget-stream%2Fdownload%2Fget-stream-3.0.0.tgz",
      "integrity": "sha1-jpQ9E1jcN1VQVOy+LtsFqhdO3hQ="
    },
    "has-flag": {
      "version": "3.0.0",
      "resolved": "https://registry.npm.taobao.org/has-flag/download/has-flag-3.0.0.tgz",
      "integrity": "sha1-tdRU3CGZriJWmfNGfloH87lVuv0="
    },
    "inherits": {
      "version": "2.0.4",
      "resolved": "https://registry.npm.taobao.org/inherits/download/inherits-2.0.4.tgz",
      "integrity": "sha1-D6LGT5MpF8NDOg3tVTY6rjdBa3w="
    },
    "ini": {
      "version": "1.3.8",
      "resolved": "https://registry.npm.taobao.org/ini/download/ini-1.3.8.tgz?cache=0&sync_timestamp=1607907834147&other_urls=https%3A%2F%2Fregistry.npm.taobao.org%2Fini%2Fdownload%2Fini-1.3.8.tgz",
      "integrity": "sha1-op2kJbSIBvNHZ6Tvzjlyaa8oQyw="
    },
    "is-arrayish": {
      "version": "0.3.2",
      "resolved": "https://registry.npm.taobao.org/is-arrayish/download/is-arrayish-0.3.2.tgz",
      "integrity": "sha1-RXSirlb3qyBolvtDHq7tBm/fjwM="
    },
    "is-fullwidth-code-point": {
      "version": "2.0.0",
      "resolved": "https://registry.npm.taobao.org/is-fullwidth-code-point/download/is-fullwidth-code-point-2.0.0.tgz",
      "integrity": "sha1-o7MKXE8ZkYMWeqq5O+764937ZU8="
    },
    "is-stream": {
      "version": "2.0.0",
      "resolved": "https://registry.npm.taobao.org/is-stream/download/is-stream-2.0.0.tgz",
      "integrity": "sha1-venDJoDW+uBBKdasnZIc54FfeOM="
    },
    "isarray": {
      "version": "1.0.0",
      "resolved": "https://registry.npm.taobao.org/isarray/download/isarray-1.0.0.tgz",
      "integrity": "sha1-u5NdSFgsuhaMBoNJV6VKPgcSTxE="
    },
    "isexe": {
      "version": "2.0.0",
      "resolved": "https://registry.npm.taobao.org/isexe/download/isexe-2.0.0.tgz",
      "integrity": "sha1-6PvzdNxVb/iUehDcsFctYz8s+hA="
    },
    "js-yaml": {
      "version": "0.3.7",
      "resolved": "https://registry.npm.taobao.org/js-yaml/download/js-yaml-0.3.7.tgz?cache=0&sync_timestamp=1609680108107&other_urls=https%3A%2F%2Fregistry.npm.taobao.org%2Fjs-yaml%2Fdownload%2Fjs-yaml-0.3.7.tgz",
      "integrity": "sha1-1znY7oZGHlSzVNan19HyrZoWf2I="
    },
    "jsmin": {
      "version": "1.0.1",
      "resolved": "https://registry.npm.taobao.org/jsmin/download/jsmin-1.0.1.tgz",
      "integrity": "sha1-570NzWSWw79IYyNb9GGj2YqjuYw="
    },
    "json-schema-traverse": {
      "version": "0.4.1",
      "resolved": "https://registry.npm.taobao.org/json-schema-traverse/download/json-schema-traverse-0.4.1.tgz?cache=0&sync_timestamp=1607999852153&other_urls=https%3A%2F%2Fregistry.npm.taobao.org%2Fjson-schema-traverse%2Fdownload%2Fjson-schema-traverse-0.4.1.tgz",
      "integrity": "sha1-afaofZUTq4u4/mO9sJecRI5oRmA="
    },
    "jxLoader": {
      "version": "0.1.1",
      "resolved": "https://registry.npm.taobao.org/jxLoader/download/jxLoader-0.1.1.tgz",
      "integrity": "sha1-ATTqUUTlM7WU/B/yX/GU4jXFPs0=",
      "requires": {
        "js-yaml": "0.3.x",
        "moo-server": "1.3.x",
        "promised-io": "*",
        "walker": "1.x"
      }
    },
    "kuler": {
      "version": "2.0.0",
      "resolved": "https://registry.npm.taobao.org/kuler/download/kuler-2.0.0.tgz",
      "integrity": "sha1-4sVwo4ADiPtEQH6FFTHB1nCwYbM="
    },
    "logform": {
      "version": "2.2.0",
      "resolved": "https://registry.npm.taobao.org/logform/download/logform-2.2.0.tgz",
      "integrity": "sha1-QPA20ZFh/Ha2irUP3H/klVREkvI=",
      "requires": {
        "colors": "^1.2.1",
        "fast-safe-stringify": "^2.0.4",
        "fecha": "^4.2.0",
        "ms": "^2.1.1",
        "triple-beam": "^1.3.0"
      }
    },
    "lru-cache": {
      "version": "4.1.5",
      "resolved": "https://registry.npm.taobao.org/lru-cache/download/lru-cache-4.1.5.tgz?cache=0&sync_timestamp=1599054167787&other_urls=https%3A%2F%2Fregistry.npm.taobao.org%2Flru-cache%2Fdownload%2Flru-cache-4.1.5.tgz",
      "integrity": "sha1-i75Q6oW+1ZvJ4z3KuCNe6bz0Q80=",
      "requires": {
        "pseudomap": "^1.0.2",
        "yallist": "^2.1.2"
      }
    },
    "makeerror": {
      "version": "1.0.11",
      "resolved": "https://registry.npm.taobao.org/makeerror/download/makeerror-1.0.11.tgz",
      "integrity": "sha1-4BpckQnyr3lmDk6LlYd5AYT1qWw=",
      "requires": {
        "tmpl": "1.0.x"
      }
    },
    "mime-db": {
      "version": "1.47.0",
      "resolved": "https://registry.npm.taobao.org/mime-db/download/mime-db-1.47.0.tgz?cache=0&sync_timestamp=1617306025156&other_urls=https%3A%2F%2Fregistry.npm.taobao.org%2Fmime-db%2Fdownload%2Fmime-db-1.47.0.tgz",
      "integrity": "sha1-jLMT5Zll08Bc+/iYkVomevRqM1w="
    },
    "mime-types": {
      "version": "2.1.30",
      "resolved": "https://registry.npm.taobao.org/mime-types/download/mime-types-2.1.30.tgz",
      "integrity": "sha1-bnvotMR5gl+F7WMmaV23P5MF1i0=",
      "requires": {
        "mime-db": "1.47.0"
      }
    },
    "minimatch": {
      "version": "3.0.4",
      "resolved": "https://registry.npm.taobao.org/minimatch/download/minimatch-3.0.4.tgz",
      "integrity": "sha1-UWbihkV/AzBgZL5Ul+jbsMPTIIM=",
      "requires": {
        "brace-expansion": "^1.1.7"
      }
    },
    "minimist": {
      "version": "1.2.5",
      "resolved": "https://registry.npm.taobao.org/minimist/download/minimist-1.2.5.tgz",
      "integrity": "sha1-Z9ZgFLZqaoqqDAg8X9WN9OTpdgI="
    },
    "moo-server": {
      "version": "1.3.0",
      "resolved": "https://registry.npm.taobao.org/moo-server/download/moo-server-1.3.0.tgz",
      "integrity": "sha1-XceVaVZaENbv7VQ5SR5p0jkuWPE="
    },
    "ms": {
      "version": "2.1.3",
      "resolved": "https://registry.npm.taobao.org/ms/download/ms-2.1.3.tgz?cache=0&sync_timestamp=1607433842694&other_urls=https%3A%2F%2Fregistry.npm.taobao.org%2Fms%2Fdownload%2Fms-2.1.3.tgz",
      "integrity": "sha1-V0yBOM4dK1hh8LRFedut1gxmFbI="
    },
    "negotiator": {
      "version": "0.6.2",
      "resolved": "https://registry.npm.taobao.org/negotiator/download/negotiator-0.6.2.tgz?cache=0&sync_timestamp=1589682752355&other_urls=https%3A%2F%2Fregistry.npm.taobao.org%2Fnegotiator%2Fdownload%2Fnegotiator-0.6.2.tgz",
      "integrity": "sha1-/qz3zPUlp3rpY0Q2pkiD/+yjRvs="
    },
    "npm-run-path": {
      "version": "2.0.2",
      "resolved": "https://registry.npm.taobao.org/npm-run-path/download/npm-run-path-2.0.2.tgz",
      "integrity": "sha1-NakjLfo11wZ7TLLd8jV7GHFTbF8=",
      "requires": {
        "path-key": "^2.0.0"
      }
    },
    "on-headers": {
      "version": "1.0.2",
      "resolved": "https://registry.npm.taobao.org/on-headers/download/on-headers-1.0.2.tgz",
      "integrity": "sha1-dysK5qqlJcOZ5Imt+tkMQD6zwo8="
    },
    "one-time": {
      "version": "1.0.0",
      "resolved": "https://registry.npm.taobao.org/one-time/download/one-time-1.0.0.tgz",
      "integrity": "sha1-4GvBdK7SFO1Y7e3lc7Qzu/gny0U=",
      "requires": {
        "fn.name": "1.x.x"
      }
    },
    "p-finally": {
      "version": "1.0.0",
      "resolved": "https://registry.npm.taobao.org/p-finally/download/p-finally-1.0.0.tgz",
      "integrity": "sha1-P7z7FbiZpEEjs0ttzBi3JDNqLK4="
    },
    "path-is-inside": {
      "version": "1.0.2",
      "resolved": "https://registry.npm.taobao.org/path-is-inside/download/path-is-inside-1.0.2.tgz",
      "integrity": "sha1-NlQX3t5EQw0cEa9hAn+s8HS9/FM="
    },
    "path-key": {
      "version": "2.0.1",
      "resolved": "https://registry.npm.taobao.org/path-key/download/path-key-2.0.1.tgz",
      "integrity": "sha1-QRyttXTFoUDTpLGRDUDYDMn0C0A="
    },
    "path-to-regexp": {
      "version": "2.2.1",
      "resolved": "https://registry.npm.taobao.org/path-to-regexp/download/path-to-regexp-2.2.1.tgz",
      "integrity": "sha1-kLYXAloWOBqHm8gqONTovesrz0U="
    },
    "process-nextick-args": {
      "version": "2.0.1",
      "resolved": "https://registry.npm.taobao.org/process-nextick-args/download/process-nextick-args-2.0.1.tgz",
      "integrity": "sha1-eCDZsWEgzFXKmud5JoCufbptf+I="
    },
    "promised-io": {
      "version": "0.3.6",
      "resolved": "https://registry.npm.taobao.org/promised-io/download/promised-io-0.3.6.tgz",
      "integrity": "sha1-BMD+qAdy9wkdyg8RTjCz4/dlASY="
    },
    "pseudomap": {
      "version": "1.0.2",
      "resolved": "https://registry.npm.taobao.org/pseudomap/download/pseudomap-1.0.2.tgz",
      "integrity": "sha1-8FKijacOYYkX7wqKw0wa5aaChrM="
    },
    "punycode": {
      "version": "2.1.1",
      "resolved": "https://registry.npm.taobao.org/punycode/download/punycode-2.1.1.tgz",
      "integrity": "sha1-tYsBCsQMIsVldhbI0sLALHv0eew="
    },
    "range-parser": {
      "version": "1.2.0",
      "resolved": "https://registry.npm.taobao.org/range-parser/download/range-parser-1.2.0.tgz",
      "integrity": "sha1-9JvmtIeJTdxA3MlKMi9hEJLgDV4="
    },
    "rc": {
      "version": "1.2.8",
      "resolved": "https://registry.npm.taobao.org/rc/download/rc-1.2.8.tgz?cache=0&other_urls=https%3A%2F%2Fregistry.npm.taobao.org%2Frc%2Fdownload%2Frc-1.2.8.tgz",
      "integrity": "sha1-zZJL9SAKB1uDwYjNa54hG3/A0+0=",
      "requires": {
        "deep-extend": "^0.6.0",
        "ini": "~1.3.0",
        "minimist": "^1.2.0",
        "strip-json-comments": "~2.0.1"
      }
    },
    "readable-stream": {
      "version": "3.6.0",
      "resolved": "https://registry.npm.taobao.org/readable-stream/download/readable-stream-3.6.0.tgz",
      "integrity": "sha1-M3u9o63AcGvT4CRCaihtS0sskZg=",
      "requires": {
        "inherits": "^2.0.3",
        "string_decoder": "^1.1.1",
        "util-deprecate": "^1.0.1"
      }
    },
    "registry-auth-token": {
      "version": "3.3.2",
      "resolved": "https://registry.npm.taobao.org/registry-auth-token/download/registry-auth-token-3.3.2.tgz?cache=0&sync_timestamp=1605012427446&other_urls=https%3A%2F%2Fregistry.npm.taobao.org%2Fregistry-auth-token%2Fdownload%2Fregistry-auth-token-3.3.2.tgz",
      "integrity": "sha1-hR/UkDjuy1hpERFa+EUmDuyYPyA=",
      "requires": {
        "rc": "^1.1.6",
        "safe-buffer": "^5.0.1"
      }
    },
    "registry-url": {
      "version": "3.1.0",
      "resolved": "https://registry.npm.taobao.org/registry-url/download/registry-url-3.1.0.tgz",
      "integrity": "sha1-PU74cPc93h138M+aOBQyRE4XSUI=",
      "requires": {
        "rc": "^1.0.1"
      }
    },
    "safe-buffer": {
      "version": "5.2.1",
      "resolved": "https://registry.npm.taobao.org/safe-buffer/download/safe-buffer-5.2.1.tgz?cache=0&sync_timestamp=1599054209520&other_urls=https%3A%2F%2Fregistry.npm.taobao.org%2Fsafe-buffer%2Fdownload%2Fsafe-buffer-5.2.1.tgz",
      "integrity": "sha1-Hq+fqb2x/dTsdfWPnNtOa3gn7sY="
    },
    "serve": {
      "version": "11.3.2",
      "resolved": "https://registry.npm.taobao.org/serve/download/serve-11.3.2.tgz",
      "integrity": "sha1-uQXpgGFv7s0XDlHI+XmnsjdAmPU=",
      "requires": {
        "@zeit/schemas": "2.6.0",
        "ajv": "6.5.3",
        "arg": "2.0.0",
        "boxen": "1.3.0",
        "chalk": "2.4.1",
        "clipboardy": "1.2.3",
        "compression": "1.7.3",
        "serve-handler": "6.1.3",
        "update-check": "1.5.2"
      }
    },
    "serve-handler": {
      "version": "6.1.3",
      "resolved": "https://registry.npm.taobao.org/serve-handler/download/serve-handler-6.1.3.tgz",
      "integrity": "sha1-G/jFrhOHEq9Vx1hHdTO5EX9kNeg=",
      "requires": {
        "bytes": "3.0.0",
        "content-disposition": "0.5.2",
        "fast-url-parser": "1.1.3",
        "mime-types": "2.1.18",
        "minimatch": "3.0.4",
        "path-is-inside": "1.0.2",
        "path-to-regexp": "2.2.1",
        "range-parser": "1.2.0"
      },
      "dependencies": {
        "mime-db": {
          "version": "1.33.0",
          "resolved": "https://registry.npm.taobao.org/mime-db/download/mime-db-1.33.0.tgz?cache=0&sync_timestamp=1617306025156&other_urls=https%3A%2F%2Fregistry.npm.taobao.org%2Fmime-db%2Fdownload%2Fmime-db-1.33.0.tgz",
          "integrity": "sha1-o0kgUKXLm2NFBUHjnZeI0icng9s="
        },
        "mime-types": {
          "version": "2.1.18",
          "resolved": "https://registry.npm.taobao.org/mime-types/download/mime-types-2.1.18.tgz",
          "integrity": "sha1-bzI/YKg9ERRvgx/xH9ZuL+VQO7g=",
          "requires": {
            "mime-db": "~1.33.0"
          }
        }
      }
    },
    "shebang-command": {
      "version": "1.2.0",
      "resolved": "https://registry.npm.taobao.org/shebang-command/download/shebang-command-1.2.0.tgz",
      "integrity": "sha1-RKrGW2lbAzmJaMOfNj/uXer98eo=",
      "requires": {
        "shebang-regex": "^1.0.0"
      }
    },
    "shebang-regex": {
      "version": "1.0.0",
      "resolved": "https://registry.npm.taobao.org/shebang-regex/download/shebang-regex-1.0.0.tgz",
      "integrity": "sha1-2kL0l0DAtC2yypcoVxyxkMmO/qM="
    },
    "signal-exit": {
      "version": "3.0.3",
      "resolved": "https://registry.npm.taobao.org/signal-exit/download/signal-exit-3.0.3.tgz",
      "integrity": "sha1-oUEMLt2PB3sItOJTyOrPyvBXRhw="
    },
    "simple-swizzle": {
      "version": "0.2.2",
      "resolved": "https://registry.npm.taobao.org/simple-swizzle/download/simple-swizzle-0.2.2.tgz",
      "integrity": "sha1-pNprY1/8zMoz9w0Xy5JZLeleVXo=",
      "requires": {
        "is-arrayish": "^0.3.1"
      }
    },
    "stack-trace": {
      "version": "0.0.10",
      "resolved": "https://registry.npm.taobao.org/stack-trace/download/stack-trace-0.0.10.tgz",
      "integrity": "sha1-VHxws0fo0ytOEI6hoqFZ5f3eGcA="
    },
    "string-width": {
      "version": "2.1.1",
      "resolved": "https://registry.npm.taobao.org/string-width/download/string-width-2.1.1.tgz?cache=0&sync_timestamp=1614522241573&other_urls=https%3A%2F%2Fregistry.npm.taobao.org%2Fstring-width%2Fdownload%2Fstring-width-2.1.1.tgz",
      "integrity": "sha1-q5Pyeo3BPSjKyBXEYhQ6bZASrp4=",
      "requires": {
        "is-fullwidth-code-point": "^2.0.0",
        "strip-ansi": "^4.0.0"
      }
    },
    "string_decoder": {
      "version": "1.3.0",
      "resolved": "https://registry.npm.taobao.org/string_decoder/download/string_decoder-1.3.0.tgz",
      "integrity": "sha1-QvEUWUpGzxqOMLCoT1bHjD7awh4=",
      "requires": {
        "safe-buffer": "~5.2.0"
      }
    },
    "strip-ansi": {
      "version": "4.0.0",
      "resolved": "https://registry.npm.taobao.org/strip-ansi/download/strip-ansi-4.0.0.tgz",
      "integrity": "sha1-qEeQIusaw2iocTibY1JixQXuNo8=",
      "requires": {
        "ansi-regex": "^3.0.0"
      }
    },
    "strip-eof": {
      "version": "1.0.0",
      "resolved": "https://registry.npm.taobao.org/strip-eof/download/strip-eof-1.0.0.tgz",
      "integrity": "sha1-u0P/VZim6wXYm1n80SnJgzE2Br8="
    },
    "strip-json-comments": {
      "version": "2.0.1",
      "resolved": "https://registry.npm.taobao.org/strip-json-comments/download/strip-json-comments-2.0.1.tgz?cache=0&sync_timestamp=1594567532500&other_urls=https%3A%2F%2Fregistry.npm.taobao.org%2Fstrip-json-comments%2Fdownload%2Fstrip-json-comments-2.0.1.tgz",
      "integrity": "sha1-PFMZQukIwml8DsNEhYwobHygpgo="
    },
    "supports-color": {
      "version": "5.5.0",
      "resolved": "https://registry.npm.taobao.org/supports-color/download/supports-color-5.5.0.tgz?cache=0&sync_timestamp=1611394878204&other_urls=https%3A%2F%2Fregistry.npm.taobao.org%2Fsupports-color%2Fdownload%2Fsupports-color-5.5.0.tgz",
      "integrity": "sha1-4uaaRKyHcveKHsCzW2id9lMO/I8=",
      "requires": {
        "has-flag": "^3.0.0"
      }
    },
    "term-size": {
      "version": "1.2.0",
      "resolved": "https://registry.npm.taobao.org/term-size/download/term-size-1.2.0.tgz",
      "integrity": "sha1-RYuDiH8oj8Vtb/+/rSYuJmOO+mk=",
      "requires": {
        "execa": "^0.7.0"
      }
    },
    "text-hex": {
      "version": "1.0.0",
      "resolved": "https://registry.npm.taobao.org/text-hex/download/text-hex-1.0.0.tgz",
      "integrity": "sha1-adycGxdEbueakr9biEu0uRJ1BvU="
    },
    "timespan": {
      "version": "2.3.0",
      "resolved": "https://registry.npm.taobao.org/timespan/download/timespan-2.3.0.tgz",
      "integrity": "sha1-SQLOBAvRPYRcj1myfp1ZutbzmSk="
    },
    "tmpl": {
      "version": "1.0.4",
      "resolved": "https://registry.npm.taobao.org/tmpl/download/tmpl-1.0.4.tgz",
      "integrity": "sha1-I2QN17QtAEM5ERQIIOXPRA5SHdE="
    },
    "triple-beam": {
      "version": "1.3.0",
      "resolved": "https://registry.npm.taobao.org/triple-beam/download/triple-beam-1.3.0.tgz",
      "integrity": "sha1-pZUhTHKY24M57u7gg+TRC9jLjdk="
    },
    "uglify-js": {
      "version": "1.3.5",
      "resolved": "https://registry.npm.taobao.org/uglify-js/download/uglify-js-1.3.5.tgz?cache=0&sync_timestamp=1616975941247&other_urls=https%3A%2F%2Fregistry.npm.taobao.org%2Fuglify-js%2Fdownload%2Fuglify-js-1.3.5.tgz",
      "integrity": "sha1-S1v/+Rhu/7qoiOTJ6UvZ/EyUkp0="
    },
    "update-check": {
      "version": "1.5.2",
      "resolved": "https://registry.npm.taobao.org/update-check/download/update-check-1.5.2.tgz",
      "integrity": "sha1-L+CfclxUNECz19q+iXHy1cqu3Cg=",
      "requires": {
        "registry-auth-token": "3.3.2",
        "registry-url": "3.1.0"
      }
    },
    "uri-js": {
      "version": "4.4.1",
      "resolved": "https://registry.npm.taobao.org/uri-js/download/uri-js-4.4.1.tgz?cache=0&sync_timestamp=1610237624359&other_urls=https%3A%2F%2Fregistry.npm.taobao.org%2Furi-js%2Fdownload%2Furi-js-4.4.1.tgz",
      "integrity": "sha1-mxpSWVIlhZ5V9mnZKPiMbFfyp34=",
      "requires": {
        "punycode": "^2.1.0"
      }
    },
    "util-deprecate": {
      "version": "1.0.2",
      "resolved": "https://registry.npm.taobao.org/util-deprecate/download/util-deprecate-1.0.2.tgz",
      "integrity": "sha1-RQ1Nyfpw3nMnYvvS1KKJgUGaDM8="
    },
    "vary": {
      "version": "1.1.2",
      "resolved": "https://registry.npm.taobao.org/vary/download/vary-1.1.2.tgz",
      "integrity": "sha1-IpnwLG3tMNSllhsLn3RSShj2NPw="
    },
    "walker": {
      "version": "1.0.7",
      "resolved": "https://registry.npm.taobao.org/walker/download/walker-1.0.7.tgz",
      "integrity": "sha1-L3+bj9ENZ3JisYqITijRlhjgKPs=",
      "requires": {
        "makeerror": "1.0.x"
      }
    },
    "which": {
      "version": "1.3.1",
      "resolved": "https://registry.npm.taobao.org/which/download/which-1.3.1.tgz",
      "integrity": "sha1-pFBD1U9YBTFtqNYvn1CRjT2nCwo=",
      "requires": {
        "isexe": "^2.0.0"
      }
    },
    "widest-line": {
      "version": "2.0.1",
      "resolved": "https://registry.npm.taobao.org/widest-line/download/widest-line-2.0.1.tgz",
      "integrity": "sha1-dDh2RzDsfvQ4HOTfgvuYpTFCo/w=",
      "requires": {
        "string-width": "^2.1.1"
      }
    },
    "winston": {
      "version": "3.3.3",
      "resolved": "https://registry.npm.taobao.org/winston/download/winston-3.3.3.tgz",
      "integrity": "sha1-rmFyBCyvspeGr6PQnI/4M6t8kXA=",
      "requires": {
        "@dabh/diagnostics": "^2.0.2",
        "async": "^3.1.0",
        "is-stream": "^2.0.0",
        "logform": "^2.2.0",
        "one-time": "^1.0.0",
        "readable-stream": "^3.4.0",
        "stack-trace": "0.0.x",
        "triple-beam": "^1.3.0",
        "winston-transport": "^4.4.0"
      }
    },
    "winston-transport": {
      "version": "4.4.0",
      "resolved": "https://registry.npm.taobao.org/winston-transport/download/winston-transport-4.4.0.tgz",
      "integrity": "sha1-F69RjappDVsuzMqnrPeyDKeSXlk=",
      "requires": {
        "readable-stream": "^2.3.7",
        "triple-beam": "^1.2.0"
      },
      "dependencies": {
        "readable-stream": {
          "version": "2.3.7",
          "resolved": "https://registry.npm.taobao.org/readable-stream/download/readable-stream-2.3.7.tgz",
          "integrity": "sha1-Hsoc9xGu+BTAT2IlKjamL2yyO1c=",
          "requires": {
            "core-util-is": "~1.0.0",
            "inherits": "~2.0.3",
            "isarray": "~1.0.0",
            "process-nextick-args": "~2.0.0",
            "safe-buffer": "~5.1.1",
            "string_decoder": "~1.1.1",
            "util-deprecate": "~1.0.1"
          }
        },
        "safe-buffer": {
          "version": "5.1.2",
          "resolved": "https://registry.npm.taobao.org/safe-buffer/download/safe-buffer-5.1.2.tgz?cache=0&sync_timestamp=1599054209520&other_urls=https%3A%2F%2Fregistry.npm.taobao.org%2Fsafe-buffer%2Fdownload%2Fsafe-buffer-5.1.2.tgz",
          "integrity": "sha1-mR7GnSluAxN0fVm9/St0XDX4go0="
        },
        "string_decoder": {
          "version": "1.1.1",
          "resolved": "https://registry.npm.taobao.org/string_decoder/download/string_decoder-1.1.1.tgz",
          "integrity": "sha1-nPFhG6YmhdcDCunkujQUnDrwP8g=",
          "requires": {
            "safe-buffer": "~5.1.0"
          }
        }
      }
    },
    "wrench": {
      "version": "1.3.9",
      "resolved": "https://registry.npm.taobao.org/wrench/download/wrench-1.3.9.tgz",
      "integrity": "sha1-bxPsNRRTF+spLKX2UxORskQRFBE="
    },
    "yallist": {
      "version": "2.1.2",
      "resolved": "https://registry.npm.taobao.org/yallist/download/yallist-2.1.2.tgz",
      "integrity": "sha1-HBH5IY8HYImkfdUS+TxmmaaoHVI="
    }
  }
}
