{
  "requires": true,
  "lockfileVersion": 1,
  "dependencies": {
    "element-theme-chalk": {
      "version": "2.15.1",
      "resolved": "https://registry.npm.taobao.org/element-theme-chalk/download/element-theme-chalk-2.15.1.tgz",
      "integrity": "sha1-irpyfYjcwWkT+frMYzNFT+BgAtQ=",
      "dev": true
    }
  }
}
